// !$*UTF8*$!
{
	archiveVersion = 1;
	classes = {
	};
	objectVersion = 46;
	objects = {

/* Begin PBXBuildFile section */
		A7A34E1A1DDA7A60005737F6 /* AppDelegate.swift in Sources */ = {isa = PBXBuildFile; fileRef = A7A34E191DDA7A60005737F6 /* AppDelegate.swift */; };
		A7A34E1C1DDA7A60005737F6 /* ViewController.swift in Sources */ = {isa = PBXBuildFile; fileRef = A7A34E1B1DDA7A60005737F6 /* ViewController.swift */; };
		A7A34E1F1DDA7A60005737F6 /* Main.storyboard in Resources */ = {isa = PBXBuildFile; fileRef = A7A34E1D1DDA7A60005737F6 /* Main.storyboard */; };
		A7A34E221DDA7A60005737F6 /* CD_app.xcdatamodeld in Sources */ = {isa = PBXBuildFile; fileRef = A7A34E201DDA7A60005737F6 /* CD_app.xcdatamodeld */; };
		A7A34E241DDA7A60005737F6 /* Assets.xcassets in Resources */ = {isa = PBXBuildFile; fileRef = A7A34E231DDA7A60005737F6 /* Assets.xcassets */; };
		A7A34E271DDA7A60005737F6 /* LaunchScreen.storyboard in Resources */ = {isa = PBXBuildFile; fileRef = A7A34E251DDA7A60005737F6 /* LaunchScreen.storyboard */; };
/* End PBXBuildFile section */

/* Begin PBXFileReference section */
		A7A34E161DDA7A60005737F6 /* CD_app.app */ = {isa = PBXFileReference; explicitFileType = wrapper.application; includeInIndex = 0; path = CD_app.app; sourceTree = BUILT_PRODUCTS_DIR; };
		A7A34E191DDA7A60005737F6 /* AppDelegate.swift */ = {isa = PBXFileReference; lastKnownFileType = sourcecode.swift; path = AppDelegate.swift; sourceTree = "<group>"; };
		A7A34E1B1DDA7A60005737F6 /* ViewController.swift */ = {isa = PBXFileReference; lastKnownFileType = sourcecode.swift; path = ViewController.swift; sourceTree = "<group>"; };
		A7A34E1E1DDA7A60005737F6 /* Base */ = {isa = PBXFileReference; lastKnownFileType = file.storyboard; name = Base; path = Base.lproj/Main.storyboard; sourceTree = "<group>"; };
		A7A34E211DDA7A60005737F6 /* CD_app.xcdatamodel */ = {isa = PBXFileReference; lastKnownFileType = wrapper.xcdatamodel; path = CD_app.xcdatamodel; sourceTree = "<group>"; };
		A7A34E231DDA7A60005737F6 /* Assets.xcassets */ = {isa = PBXFileReference; lastKnownFileType = folder.assetcatalog; path = Assets.xcassets; sourceTree = "<group>"; };
		A7A34E261DDA7A60005737F6 /* Base */ = {isa = PBXFileReference; lastKnownFileType = file.storyboard; name = Base; path = Base.lproj/LaunchScreen.storyboard; sourceTree = "<group>"; };
		A7A34E281DDA7A60005737F6 /* Info.plist */ = {isa = PBXFileReference; lastKnownFileType = text.plist.xml; path = Info.plist; sourceTree = "<group>"; };
/* End PBXFileReference section */

/* Begin PBXFrameworksBuildPhase section */
		A7A34E131DDA7A60005737F6 /* Frameworks */ = {
			isa = PBXFrameworksBuildPhase;
			buildActionMask = 2147483647;
			files = (
			);
			runOnlyForDeploymentPostprocessing = 0;
		};
/* End PBXFrameworksBuildPhase section */

/* Begin PBXGroup section */
		A7A34E0D1DDA7A60005737F6 = {
			isa = PBXGroup;
			children = (
				A7A34E181DDA7A60005737F6 /* CD_app */,
				A7A34E171DDA7A60005737F6 /* Products */,
			);
			sourceTree = "<group>";
		};
		A7A34E171DDA7A60005737F6 /* Products */ = {
			isa = PBXGroup;
			children = (
				A7A34E161DDA7A60005737F6 /* CD_app.app */,
			);
			name = Products;
			sourceTree = "<group>";
		};
		A7A34E181DDA7A60005737F6 /* CD_app */ = {
			isa = PBXGroup;
			children = (
				A7A34E191DDA7A60005737F6 /* AppDelegate.swift */,
				A7A34E1B1DDA7A60005737F6 /* ViewController.swift */,
				A7A34E1D1DDA7A60005737F6 /* Main.storyboard */,
				A7A34E231DDA7A60005737F6 /* Assets.xcassets */,
				A7A34E251DDA7A60005737F6 /* LaunchScreen.storyboard */,
				A7A34E281DDA7A60005737F6 /* Info.plist */,
				A7A34E201DDA7A60005737F6 /* CD_app.xcdatamodeld */,
			);
			path = CD_app;
			sourceTree = "<group>";
		};
/* End PBXGroup section */

/* Begin PBXNativeTarget section */
		A7A34E151DDA7A60005737F6 /* CD_app */ = {
			isa = PBXNativeTarget;
			buildConfigurationList = A7A34E2B1DDA7A60005737F6 /* Build configuration list for PBXNativeTarget "CD_app" */;
			buildPhases = (
				A7A34E121DDA7A60005737F6 /* Sources */,
				A7A34E131DDA7A60005737F6 /* Frameworks */,
				A7A34E141DDA7A60005737F6 /* Resources */,
			);
			buildRules = (
			);
			dependencies = (
			);
			name = CD_app;
			productName = CD_app;
			productReference = A7A34E161DDA7A60005737F6 /* CD_app.app */;
			productType = "com.apple.product-type.application";
		};
/* End PBXNativeTarget section */

/* Begin PBXProject section */
		A7A34E0E1DDA7A60005737F6 /* Project object */ = {
			isa = PBXProject;
			attributes = {
				LastSwiftUpdateCheck = 0810;
				LastUpgradeCheck = 0810;
				ORGANIZATIONNAME = "Sean Zhang";
				TargetAttributes = {
					A7A34E151DDA7A60005737F6 = {
						CreatedOnToolsVersion = 8.1;
						DevelopmentTeam = GDTG5SQZRN;
						ProvisioningStyle = Automatic;
					};
				};
			};
			buildConfigurationList = A7A34E111DDA7A60005737F6 /* Build configuration list for PBXProject "CD_app" */;
			compatibilityVersion = "Xcode 3.2";
			developmentRegion = English;
			hasScannedForEncodings = 0;
			knownRegions = (
				en,
				Base,
			);
			mainGroup = A7A34E0D1DDA7A60005737F6;
			productRefGroup = A7A34E171DDA7A60005737F6 /* Products */;
			projectDirPath = "";
			projectRoot = "";
			targets = (
				A7A34E151DDA7A60005737F6 /* CD_app */,
			);
		};
/* End PBXProject section */

/* Begin PBXResourcesBuildPhase section */
		A7A34E141DDA7A60005737F6 /* Resources */ = {
			isa = PBXResourcesBuildPhase;
			buildActionMask = 2147483647;
			files = (
				A7A34E271DDA7A60005737F6 /* LaunchScreen.storyboard in Resources */,
				A7A34E241DDA7A60005737F6 /* Assets.xcassets in Resources */,
				A7A34E1F1DDA7A60005737F6 /* Main.storyboard in Resources */,
			);
			runOnlyForDeploymentPostprocessing = 0;
		};
/* End PBXResourcesBuildPhase section */

/* Begin PBXSourcesBuildPhase section */
		A7A34E121DDA7A60005737F6 /* Sources */ = {
			isa = PBXSourcesBuildPhase;
			buildActionMask = 2147483647;
			files = (
				A7A34E1C1DDA7A60005737F6 /* ViewController.swift in Sources */,
				A7A34E221DDA7A60005737F6 /* CD_app.xcdatamodeld in Sources */,
				A7A34E1A1DDA7A60005737F6 /* AppDelegate.swift in Sources */,
			);
			runOnlyForDeploymentPostprocessing = 0;
		};
/* End PBXSourcesBuildPhase section */

/* Begin PBXVariantGroup section */
		A7A34E1D1DDA7A60005737F6 /* Main.storyboard */ = {
			isa = PBXVariantGroup;
			children = (
				A7A34E1E1DDA7A60005737F6 /* Base */,
			);
			name = Main.storyboard;
			sourceTree = "<group>";
		};
		A7A34E251DDA7A60005737F6 /* LaunchScreen.storyboard */ = {
			isa = PBXVariantGroup;
			children = (
				A7A34E261DDA7A60005737F6 /* Base */,
			);
			name = LaunchScreen.storyboard;
			sourceTree = "<group>";
		};
/* End PBXVariantGroup section */

/* Begin XCBuildConfiguration section */
		A7A34E291DDA7A60005737F6 /* Debug */ = {
			isa = XCBuildConfiguration;
			buildSettings = {
				ALWAYS_SEARCH_USER_PATHS = NO;
				CLANG_ANALYZER_NONNULL = YES;
				CLANG_CXX_LANGUAGE_STANDARD = "gnu++0x";
				CLANG_CXX_LIBRARY = "libc++";
				CLANG_ENABLE_MODULES = YES;
				CLANG_ENABLE_OBJC_ARC = YES;
				CLANG_WARN_BOOL_CONVERSION = YES;
				CLANG_WARN_CONSTANT_CONVERSION = YES;
				CLANG_WARN_DIRECT_OBJC_ISA_USAGE = YES_ERROR;
				CLANG_WARN_DOCUMENTATION_COMMENTS = YES;
				CLANG_WARN_EMPTY_BODY = YES;
				CLANG_WARN_ENUM_CONVERSION = YES;
				CLANG_WARN_INFINITE_RECURSION = YES;
				CLANG_WARN_INT_CONVERSION = YES;
				CLANG_WARN_OBJC_ROOT_CLASS = YES_ERROR;
				CLANG_WARN_SUSPICIOUS_MOVES = YES;
				CLANG_WARN_UNREACHABLE_CODE = YES;
				CLANG_WARN__DUPLICATE_METHOD_MATCH = YES;
				"CODE_SIGN_IDENTITY[sdk=iphoneos*]" = "iPhone Developer";
				COPY_PHASE_STRIP = NO;
				DEBUG_INFORMATION_FORMAT = dwarf;
				ENABLE_STRICT_OBJC_MSGSEND = YES;
				ENABLE_TESTABILITY = YES;
				GCC_C_LANGUAGE_STANDARD = gnu99;
				GCC_DYNAMIC_NO_PIC = NO;
				GCC_NO_COMMON_BLOCKS = YES;
				GCC_OPTIMIZATION_LEVEL = 0;
				GCC_PREPROCESSOR_DEFINITIONS = (
					"DEBUG=1",
					"$(inherited)",
				);
				GCC_WARN_64_TO_32_BIT_CONVERSION = YES;
				GCC_WARN_ABOUT_RETURN_TYPE = YES_ERROR;
				GCC_WARN_UNDECLARED_SELECTOR = YES;
				GCC_WARN_UNINITIALIZED_AUTOS = YES_AGGRESSIVE;
				GCC_WARN_UNUSED_FUNCTION = YES;
				GCC_WARN_UNUSED_VARIABLE = YES;
				IPHONEOS_DEPLOYMENT_TARGET = 10.1;
				MTL_ENABLE_DEBUG_INFO = YES;
				ONLY_ACTIVE_ARCH = YES;
				SDKROOT = iphoneos;
				SWIFT_ACTIVE_COMPILATION_CONDITIONS = DEBUG;
				SWIFT_OPTIMIZATION_LEVEL = "-Onone";
			};
			name = Debug;
		};
		A7A34E2A1DDA7A60005737F6 /* Release */ = {
			isa = XCBuildConfiguration;
			buildSettings = {
				ALWAYS_SEARCH_USER_PATHS = NO;
				CLANG_ANALYZER_NONNULL = YES;
				CLANG_CXX_LANGUAGE_STANDARD = "gnu++0x";
				CLANG_CXX_LIBRARY = "libc++";
				CLANG_ENABLE_MODULES = YES;
				CLANG_ENABLE_OBJC_ARC = YES;
				CLANG_WARN_BOOL_CONVERSION = YES;
				CLANG_WARN_CONSTANT_CONVERSION = YES;
				CLANG_WARN_DIRECT_OBJC_ISA_USAGE = YES_ERROR;
				CLANG_WARN_DOCUMENTATION_COMMENTS = YES;
				CLANG_WARN_EMPTY_BODY = YES;
				CLANG_WARN_ENUM_CONVERSION = YES;
				CLANG_WARN_INFINITE_RECURSION = YES;
				CLANG_WARN_INT_CONVERSION = YES;
				CLANG_WARN_OBJC_ROOT_CLASS = YES_ERROR;
				CLANG_WARN_SUSPICIOUS_MOVES = YES;
				CLANG_WARN_UNREACHABLE_CODE = YES;
				CLANG_WARN__DUPLICATE_METHOD_MATCH = YES;
				"CODE_SIGN_IDENTITY[sdk=iphoneos*]" = "iPhone Developer";
				COPY_PHASE_STRIP = NO;
				DEBUG_INFORMATION_FORMAT = "dwarf-with-dsym";
				ENABLE_NS_ASSERTIONS = NO;
				ENABLE_STRICT_OBJC_MSGSEND = YES;
				GCC_C_LANGUAGE_STANDARD = gnu99;
				GCC_NO_COMMON_BLOCKS = YES;
				GCC_WARN_64_TO_32_BIT_CONVERSION = YES;
				GCC_WARN_ABOUT_RETURN_TYPE = YES_ERROR;
				GCC_WARN_UNDECLARED_SELECTOR = YES;
				GCC_WARN_UNINITIALIZED_AUTOS = YES_AGGRESSIVE;
				GCC_WARN_UNUSED_FUNCTION = YES;
				GCC_WARN_UNUSED_VARIABLE = YES;
				IPHONEOS_DEPLOYMENT_TARGET = 10.1;
				MTL_ENABLE_DEBUG_INFO = NO;
				SDKROOT = iphoneos;
				SWIFT_OPTIMIZATION_LEVEL = "-Owholemodule";
				VALIDATE_PRODUCT = YES;
			};
			name = Release;
		};
		A7A34E2C1DDA7A60005737F6 /* Debug */ = {
			isa = XCBuildConfiguration;
			buildSettings = {
				ASSETCATALOG_COMPILER_APPICON_NAME = AppIcon;
				DEVELOPMENT_TEAM = GDTG5SQZRN;
				INFOPLIST_FILE = CD_app/Info.plist;
				LD_RUNPATH_SEARCH_PATHS = "$(inherited) @executable_path/Frameworks";
				PRODUCT_BUNDLE_IDENTIFIER = "sz7218.CD-app";
				PRODUCT_NAME = "$(TARGET_NAME)";
				SWIFT_VERSION = 3.0;
			};
			name = Debug;
		};
		A7A34E2D1DDA7A60005737F6 /* Release */ = {
			isa = XCBuildConfiguration;
			buildSettings = {
				ASSETCATALOG_COMPILER_APPICON_NAME = AppIcon;
				DEVELOPMENT_TEAM = GDTG5SQZRN;
				INFOPLIST_FILE = CD_app/Info.plist;
				LD_RUNPATH_SEARCH_PATHS = "$(inherited) @executable_path/Frameworks";
				PRODUCT_BUNDLE_IDENTIFIER = "sz7218.CD-app";
				PRODUCT_NAME = "$(TARGET_NAME)";
				SWIFT_VERSION = 3.0;
			};
			name = Release;
		};
/* End XCBuildConfiguration section */

/* Begin XCConfigurationList section */
		A7A34E111DDA7A60005737F6 /* Build configuration list for PBXProject "CD_app" */ = {
			isa = XCConfigurationList;
			buildConfigurations = (
				A7A34E291DDA7A60005737F6 /* Debug */,
				A7A34E2A1DDA7A60005737F6 /* Release */,
			);
			defaultConfigurationIsVisible = 0;
			defaultConfigurationName = Release;
		};
		A7A34E2B1DDA7A60005737F6 /* Build configuration list for PBXNativeTarget "CD_app" */ = {
			isa = XCConfigurationList;
			buildConfigurations = (
				A7A34E2C1DDA7A60005737F6 /* Debug */,
				A7A34E2D1DDA7A60005737F6 /* Release */,
			);
			defaultConfigurationIsVisible = 0;
		};
/* End XCConfigurationList section */

/* Begin XCVersionGroup section */
		A7A34E201DDA7A60005737F6 /* CD_app.xcdatamodeld */ = {
			isa = XCVersionGroup;
			children = (
				A7A34E211DDA7A60005737F6 /* CD_app.xcdatamodel */,
			);
			currentVersion = A7A34E211DDA7A60005737F6 /* CD_app.xcdatamodel */;
			path = CD_app.xcdatamodeld;
			sourceTree = "<group>";
			versionGroupType = wrapper.xcdatamodel;
		};
/* End XCVersionGroup section */
	};
	rootObject = A7A34E0E1DDA7A60005737F6 /* Project object */;
}
