// !$*UTF8*$!
{
	archiveVersion = 1;
	classes = {
	};
	objectVersion = 46;
	objects = {

/* Begin PBXBuildFile section */
		A71393851E060373003B1270 /* Sdk in Resources */ = {isa = PBXBuildFile; fileRef = A71393841E060373003B1270 /* Sdk */; };
		A71393871E0603C4003B1270 /* AWSCore.framework in Frameworks */ = {isa = PBXBuildFile; fileRef = A71393861E0603C4003B1270 /* AWSCore.framework */; };
		A71393881E0603C4003B1270 /* AWSCore.framework in Embed Frameworks */ = {isa = PBXBuildFile; fileRef = A71393861E0603C4003B1270 /* AWSCore.framework */; settings = {ATTRIBUTES = (CodeSignOnCopy, RemoveHeadersOnCopy, ); }; };
		A713938A1E0603D4003B1270 /* AWSDynamoDB.framework in Frameworks */ = {isa = PBXBuildFile; fileRef = A71393891E0603D4003B1270 /* AWSDynamoDB.framework */; };
		A713938B1E0603D4003B1270 /* AWSDynamoDB.framework in Embed Frameworks */ = {isa = PBXBuildFile; fileRef = A71393891E0603D4003B1270 /* AWSDynamoDB.framework */; settings = {ATTRIBUTES = (CodeSignOnCopy, RemoveHeadersOnCopy, ); }; };
		A713938D1E0603E5003B1270 /* AWSS3.framework in Frameworks */ = {isa = PBXBuildFile; fileRef = A713938C1E0603E5003B1270 /* AWSS3.framework */; };
		A713938E1E0603E5003B1270 /* AWSS3.framework in Embed Frameworks */ = {isa = PBXBuildFile; fileRef = A713938C1E0603E5003B1270 /* AWSS3.framework */; settings = {ATTRIBUTES = (CodeSignOnCopy, RemoveHeadersOnCopy, ); }; };
		A71393901E0603F4003B1270 /* AWSCognitoIdentityProvider.framework in Frameworks */ = {isa = PBXBuildFile; fileRef = A713938F1E0603F4003B1270 /* AWSCognitoIdentityProvider.framework */; };
		A71393911E0603F4003B1270 /* AWSCognitoIdentityProvider.framework in Embed Frameworks */ = {isa = PBXBuildFile; fileRef = A713938F1E0603F4003B1270 /* AWSCognitoIdentityProvider.framework */; settings = {ATTRIBUTES = (CodeSignOnCopy, RemoveHeadersOnCopy, ); }; };
		A71393931E060405003B1270 /* AWSCognito.framework in Frameworks */ = {isa = PBXBuildFile; fileRef = A71393921E060405003B1270 /* AWSCognito.framework */; };
		A71393941E060405003B1270 /* AWSCognito.framework in Embed Frameworks */ = {isa = PBXBuildFile; fileRef = A71393921E060405003B1270 /* AWSCognito.framework */; settings = {ATTRIBUTES = (CodeSignOnCopy, RemoveHeadersOnCopy, ); }; };
		A71393961E060436003B1270 /* AmazonAws in Resources */ = {isa = PBXBuildFile; fileRef = A71393951E060436003B1270 /* AmazonAws */; };
		A71393991E060442003B1270 /* AWSConfiguration.swift in Sources */ = {isa = PBXBuildFile; fileRef = A71393971E060442003B1270 /* AWSConfiguration.swift */; };
		A713939A1E060442003B1270 /* AWSMobileClient.swift in Sources */ = {isa = PBXBuildFile; fileRef = A71393981E060442003B1270 /* AWSMobileClient.swift */; };
		A713939C1E06044E003B1270 /* Models in Resources */ = {isa = PBXBuildFile; fileRef = A713939B1E06044E003B1270 /* Models */; };
		A713939E1E060462003B1270 /* AWSMobileHubHelper.framework in Frameworks */ = {isa = PBXBuildFile; fileRef = A713939D1E060462003B1270 /* AWSMobileHubHelper.framework */; };
		A71393A21E0607D0003B1270 /* SignIn.storyboard in Resources */ = {isa = PBXBuildFile; fileRef = A71393A11E0607D0003B1270 /* SignIn.storyboard */; };
		A71393A41E0607F2003B1270 /* SignInViewController.swift in Sources */ = {isa = PBXBuildFile; fileRef = A71393A31E0607F2003B1270 /* SignInViewController.swift */; };
		A71393A71E12D7B7003B1270 /* ContentDelivery.storyboard in Resources */ = {isa = PBXBuildFile; fileRef = A71393A51E12D7B7003B1270 /* ContentDelivery.storyboard */; };
		A71393A81E12D7B7003B1270 /* ContentDeliveryViewController.swift in Sources */ = {isa = PBXBuildFile; fileRef = A71393A61E12D7B7003B1270 /* ContentDeliveryViewController.swift */; };
		A71B479B1DEF95EC00F0B0A8 /* FetchedResultsController.swift in Sources */ = {isa = PBXBuildFile; fileRef = A71B479A1DEF95EC00F0B0A8 /* FetchedResultsController.swift */; };
		A71B479D1DEFA31900F0B0A8 /* PreviewController.swift in Sources */ = {isa = PBXBuildFile; fileRef = A71B479C1DEFA31800F0B0A8 /* PreviewController.swift */; };
		A71B479F1DF12FC200F0B0A8 /* BookmarkController.swift in Sources */ = {isa = PBXBuildFile; fileRef = A71B479E1DF12FC200F0B0A8 /* BookmarkController.swift */; };
		A71B47A11DF13DF000F0B0A8 /* CommentController.swift in Sources */ = {isa = PBXBuildFile; fileRef = A71B47A01DF13DF000F0B0A8 /* CommentController.swift */; };
		A71B47A31DF13E3A00F0B0A8 /* CommentDataController.swift in Sources */ = {isa = PBXBuildFile; fileRef = A71B47A21DF13E3A00F0B0A8 /* CommentDataController.swift */; };
		A71B47AE1DF1421600F0B0A8 /* Comments+CoreDataClass.swift in Sources */ = {isa = PBXBuildFile; fileRef = A71B47AC1DF1421600F0B0A8 /* Comments+CoreDataClass.swift */; };
		A71B47AF1DF1421600F0B0A8 /* Comments+CoreDataProperties.swift in Sources */ = {isa = PBXBuildFile; fileRef = A71B47AD1DF1421600F0B0A8 /* Comments+CoreDataProperties.swift */; };
		A7590D2A1DE9E02700919666 /* Bolts.framework in Frameworks */ = {isa = PBXBuildFile; fileRef = A7590D281DE9E02700919666 /* Bolts.framework */; };
		A7590D2B1DE9E02700919666 /* Parse.framework in Frameworks */ = {isa = PBXBuildFile; fileRef = A7590D291DE9E02700919666 /* Parse.framework */; };
		A7590D2E1DE9E09600919666 /* AudioToolbox.framework in Frameworks */ = {isa = PBXBuildFile; fileRef = A7590D2D1DE9E09600919666 /* AudioToolbox.framework */; };
		A7590D301DE9E0A500919666 /* CFNetwork.framework in Frameworks */ = {isa = PBXBuildFile; fileRef = A7590D2F1DE9E0A500919666 /* CFNetwork.framework */; };
		A7590D321DE9E0AF00919666 /* CoreGraphics.framework in Frameworks */ = {isa = PBXBuildFile; fileRef = A7590D311DE9E0AF00919666 /* CoreGraphics.framework */; };
		A7590D341DE9E0BA00919666 /* CoreLocation.framework in Frameworks */ = {isa = PBXBuildFile; fileRef = A7590D331DE9E0BA00919666 /* CoreLocation.framework */; };
		A7590D361DE9E0CB00919666 /* MobileCoreServices.framework in Frameworks */ = {isa = PBXBuildFile; fileRef = A7590D351DE9E0CB00919666 /* MobileCoreServices.framework */; };
		A7590D381DE9E0D400919666 /* QuartzCore.framework in Frameworks */ = {isa = PBXBuildFile; fileRef = A7590D371DE9E0D400919666 /* QuartzCore.framework */; };
		A7590D3A1DE9E0DE00919666 /* Security.framework in Frameworks */ = {isa = PBXBuildFile; fileRef = A7590D391DE9E0DE00919666 /* Security.framework */; };
		A7590D3C1DE9E0E600919666 /* StoreKit.framework in Frameworks */ = {isa = PBXBuildFile; fileRef = A7590D3B1DE9E0E600919666 /* StoreKit.framework */; };
		A7590D3E1DE9E0EF00919666 /* SystemConfiguration.framework in Frameworks */ = {isa = PBXBuildFile; fileRef = A7590D3D1DE9E0EF00919666 /* SystemConfiguration.framework */; };
		A7590D401DE9E0FB00919666 /* libz.tbd in Frameworks */ = {isa = PBXBuildFile; fileRef = A7590D3F1DE9E0FB00919666 /* libz.tbd */; };
		A7590D421DE9E10800919666 /* libsqlite3.tbd in Frameworks */ = {isa = PBXBuildFile; fileRef = A7590D411DE9E10800919666 /* libsqlite3.tbd */; };
		A7590D441DEA38F200919666 /* MenuController.swift in Sources */ = {isa = PBXBuildFile; fileRef = A7590D431DEA38F200919666 /* MenuController.swift */; };
		A7590D481DEC814700919666 /* Main.storyboard in Resources */ = {isa = PBXBuildFile; fileRef = A7590D471DEC814700919666 /* Main.storyboard */; };
		A79182E61DF64A8C00FED17A /* FilterController.swift in Sources */ = {isa = PBXBuildFile; fileRef = A79182E51DF64A8C00FED17A /* FilterController.swift */; };
		A7A34E1A1DDA7A60005737F6 /* AppDelegate.swift in Sources */ = {isa = PBXBuildFile; fileRef = A7A34E191DDA7A60005737F6 /* AppDelegate.swift */; };
		A7A34E1C1DDA7A60005737F6 /* ViewController.swift in Sources */ = {isa = PBXBuildFile; fileRef = A7A34E1B1DDA7A60005737F6 /* ViewController.swift */; };
		A7A34E221DDA7A60005737F6 /* CD_app.xcdatamodeld in Sources */ = {isa = PBXBuildFile; fileRef = A7A34E201DDA7A60005737F6 /* CD_app.xcdatamodeld */; };
		A7A34E241DDA7A60005737F6 /* Assets.xcassets in Resources */ = {isa = PBXBuildFile; fileRef = A7A34E231DDA7A60005737F6 /* Assets.xcassets */; };
		A7A34E271DDA7A60005737F6 /* LaunchScreen.storyboard in Resources */ = {isa = PBXBuildFile; fileRef = A7A34E251DDA7A60005737F6 /* LaunchScreen.storyboard */; };
		A7A34E2F1DDA7AED005737F6 /* V17494.json in Resources */ = {isa = PBXBuildFile; fileRef = A7A34E2E1DDA7AED005737F6 /* V17494.json */; };
		A7A34E311DDA7AFA005737F6 /* V17494M.json in Resources */ = {isa = PBXBuildFile; fileRef = A7A34E301DDA7AFA005737F6 /* V17494M.json */; };
		A7A34E331DDA7B71005737F6 /* DataController.swift in Sources */ = {isa = PBXBuildFile; fileRef = A7A34E321DDA7B71005737F6 /* DataController.swift */; };
		A7A34E351DDA7C0A005737F6 /* JSONParser.swift in Sources */ = {isa = PBXBuildFile; fileRef = A7A34E341DDA7C0A005737F6 /* JSONParser.swift */; };
		A7A34E501DE24C83005737F6 /* Drawings+CoreDataClass.swift in Sources */ = {isa = PBXBuildFile; fileRef = A7A34E4E1DE24C83005737F6 /* Drawings+CoreDataClass.swift */; };
		A7A34E511DE24C83005737F6 /* Drawings+CoreDataProperties.swift in Sources */ = {isa = PBXBuildFile; fileRef = A7A34E4F1DE24C83005737F6 /* Drawings+CoreDataProperties.swift */; };
		A7A34E531DE52795005737F6 /* TableViewCell.swift in Sources */ = {isa = PBXBuildFile; fileRef = A7A34E521DE52794005737F6 /* TableViewCell.swift */; };
		A7A421991DF8869E0023FDEF /* TagController.swift in Sources */ = {isa = PBXBuildFile; fileRef = A7A421981DF8869E0023FDEF /* TagController.swift */; };
		A7B4112D1E156AE9002B569A /* DemoFeature.swift in Sources */ = {isa = PBXBuildFile; fileRef = A7B4112C1E156AE9002B569A /* DemoFeature.swift */; };
		A7CB94741DE5BC82009ECBB7 /* SearchController.swift in Sources */ = {isa = PBXBuildFile; fileRef = A7CB94731DE5BC82009ECBB7 /* SearchController.swift */; };
/* End PBXBuildFile section */

/* Begin PBXCopyFilesBuildPhase section */
		A75C19481E05E95F00C05736 /* Embed Frameworks */ = {
			isa = PBXCopyFilesBuildPhase;
			buildActionMask = 2147483647;
			dstPath = "";
			dstSubfolderSpec = 10;
			files = (
				A713938B1E0603D4003B1270 /* AWSDynamoDB.framework in Embed Frameworks */,
				A71393881E0603C4003B1270 /* AWSCore.framework in Embed Frameworks */,
				A713938E1E0603E5003B1270 /* AWSS3.framework in Embed Frameworks */,
				A71393911E0603F4003B1270 /* AWSCognitoIdentityProvider.framework in Embed Frameworks */,
				A71393941E060405003B1270 /* AWSCognito.framework in Embed Frameworks */,
			);
			name = "Embed Frameworks";
			runOnlyForDeploymentPostprocessing = 0;
		};
/* End PBXCopyFilesBuildPhase section */

/* Begin PBXFileReference section */
		A71393841E060373003B1270 /* Sdk */ = {isa = PBXFileReference; lastKnownFileType = folder; path = Sdk; sourceTree = "<group>"; };
		A71393861E0603C4003B1270 /* AWSCore.framework */ = {isa = PBXFileReference; lastKnownFileType = wrapper.framework; name = AWSCore.framework; path = CD_app/Sdk/Aws/AWSCore.framework; sourceTree = "<group>"; };
		A71393891E0603D4003B1270 /* AWSDynamoDB.framework */ = {isa = PBXFileReference; lastKnownFileType = wrapper.framework; name = AWSDynamoDB.framework; path = CD_app/Sdk/Aws/AWSDynamoDB.framework; sourceTree = "<group>"; };
		A713938C1E0603E5003B1270 /* AWSS3.framework */ = {isa = PBXFileReference; lastKnownFileType = wrapper.framework; name = AWSS3.framework; path = CD_app/Sdk/Aws/AWSS3.framework; sourceTree = "<group>"; };
		A713938F1E0603F4003B1270 /* AWSCognitoIdentityProvider.framework */ = {isa = PBXFileReference; lastKnownFileType = wrapper.framework; name = AWSCognitoIdentityProvider.framework; path = CD_app/Sdk/Aws/AWSCognitoIdentityProvider.framework; sourceTree = "<group>"; };
		A71393921E060405003B1270 /* AWSCognito.framework */ = {isa = PBXFileReference; lastKnownFileType = wrapper.framework; name = AWSCognito.framework; path = CD_app/Sdk/Aws/extras/AWSCognito.framework; sourceTree = "<group>"; };
		A71393951E060436003B1270 /* AmazonAws */ = {isa = PBXFileReference; lastKnownFileType = folder; path = AmazonAws; sourceTree = "<group>"; };
		A71393971E060442003B1270 /* AWSConfiguration.swift */ = {isa = PBXFileReference; fileEncoding = 4; lastKnownFileType = sourcecode.swift; name = AWSConfiguration.swift; path = AmazonAws/AWSConfiguration.swift; sourceTree = "<group>"; };
		A71393981E060442003B1270 /* AWSMobileClient.swift */ = {isa = PBXFileReference; fileEncoding = 4; lastKnownFileType = sourcecode.swift; name = AWSMobileClient.swift; path = AmazonAws/AWSMobileClient.swift; sourceTree = "<group>"; };
		A713939B1E06044E003B1270 /* Models */ = {isa = PBXFileReference; lastKnownFileType = folder; name = Models; path = AmazonAws/Models; sourceTree = "<group>"; };
		A713939D1E060462003B1270 /* AWSMobileHubHelper.framework */ = {isa = PBXFileReference; lastKnownFileType = wrapper.framework; name = AWSMobileHubHelper.framework; path = AmazonAws/AWSMobileHubHelper.framework; sourceTree = "<group>"; };
		A71393A11E0607D0003B1270 /* SignIn.storyboard */ = {isa = PBXFileReference; fileEncoding = 4; lastKnownFileType = file.storyboard; path = SignIn.storyboard; sourceTree = "<group>"; };
		A71393A31E0607F2003B1270 /* SignInViewController.swift */ = {isa = PBXFileReference; fileEncoding = 4; lastKnownFileType = sourcecode.swift; path = SignInViewController.swift; sourceTree = "<group>"; };
		A71393A51E12D7B7003B1270 /* ContentDelivery.storyboard */ = {isa = PBXFileReference; fileEncoding = 4; lastKnownFileType = file.storyboard; path = ContentDelivery.storyboard; sourceTree = "<group>"; };
		A71393A61E12D7B7003B1270 /* ContentDeliveryViewController.swift */ = {isa = PBXFileReference; fileEncoding = 4; lastKnownFileType = sourcecode.swift; path = ContentDeliveryViewController.swift; sourceTree = "<group>"; };
		A71B479A1DEF95EC00F0B0A8 /* FetchedResultsController.swift */ = {isa = PBXFileReference; fileEncoding = 4; lastKnownFileType = sourcecode.swift; path = FetchedResultsController.swift; sourceTree = "<group>"; };
		A71B479C1DEFA31800F0B0A8 /* PreviewController.swift */ = {isa = PBXFileReference; fileEncoding = 4; lastKnownFileType = sourcecode.swift; path = PreviewController.swift; sourceTree = "<group>"; };
		A71B479E1DF12FC200F0B0A8 /* BookmarkController.swift */ = {isa = PBXFileReference; fileEncoding = 4; lastKnownFileType = sourcecode.swift; name = BookmarkController.swift; path = ../BookmarkController.swift; sourceTree = "<group>"; };
		A71B47A01DF13DF000F0B0A8 /* CommentController.swift */ = {isa = PBXFileReference; fileEncoding = 4; lastKnownFileType = sourcecode.swift; path = CommentController.swift; sourceTree = "<group>"; };
		A71B47A21DF13E3A00F0B0A8 /* CommentDataController.swift */ = {isa = PBXFileReference; fileEncoding = 4; lastKnownFileType = sourcecode.swift; path = CommentDataController.swift; sourceTree = "<group>"; };
		A71B47AC1DF1421600F0B0A8 /* Comments+CoreDataClass.swift */ = {isa = PBXFileReference; fileEncoding = 4; lastKnownFileType = sourcecode.swift; name = "Comments+CoreDataClass.swift"; path = "../Comments+CoreDataClass.swift"; sourceTree = "<group>"; };
		A71B47AD1DF1421600F0B0A8 /* Comments+CoreDataProperties.swift */ = {isa = PBXFileReference; fileEncoding = 4; lastKnownFileType = sourcecode.swift; name = "Comments+CoreDataProperties.swift"; path = "../Comments+CoreDataProperties.swift"; sourceTree = "<group>"; };
		A7590D281DE9E02700919666 /* Bolts.framework */ = {isa = PBXFileReference; lastKnownFileType = wrapper.framework; path = Bolts.framework; sourceTree = "<group>"; };
		A7590D291DE9E02700919666 /* Parse.framework */ = {isa = PBXFileReference; lastKnownFileType = wrapper.framework; path = Parse.framework; sourceTree = "<group>"; };
		A7590D2D1DE9E09600919666 /* AudioToolbox.framework */ = {isa = PBXFileReference; lastKnownFileType = wrapper.framework; name = AudioToolbox.framework; path = System/Library/Frameworks/AudioToolbox.framework; sourceTree = SDKROOT; };
		A7590D2F1DE9E0A500919666 /* CFNetwork.framework */ = {isa = PBXFileReference; lastKnownFileType = wrapper.framework; name = CFNetwork.framework; path = System/Library/Frameworks/CFNetwork.framework; sourceTree = SDKROOT; };
		A7590D311DE9E0AF00919666 /* CoreGraphics.framework */ = {isa = PBXFileReference; lastKnownFileType = wrapper.framework; name = CoreGraphics.framework; path = System/Library/Frameworks/CoreGraphics.framework; sourceTree = SDKROOT; };
		A7590D331DE9E0BA00919666 /* CoreLocation.framework */ = {isa = PBXFileReference; lastKnownFileType = wrapper.framework; name = CoreLocation.framework; path = System/Library/Frameworks/CoreLocation.framework; sourceTree = SDKROOT; };
		A7590D351DE9E0CB00919666 /* MobileCoreServices.framework */ = {isa = PBXFileReference; lastKnownFileType = wrapper.framework; name = MobileCoreServices.framework; path = System/Library/Frameworks/MobileCoreServices.framework; sourceTree = SDKROOT; };
		A7590D371DE9E0D400919666 /* QuartzCore.framework */ = {isa = PBXFileReference; lastKnownFileType = wrapper.framework; name = QuartzCore.framework; path = System/Library/Frameworks/QuartzCore.framework; sourceTree = SDKROOT; };
		A7590D391DE9E0DE00919666 /* Security.framework */ = {isa = PBXFileReference; lastKnownFileType = wrapper.framework; name = Security.framework; path = System/Library/Frameworks/Security.framework; sourceTree = SDKROOT; };
		A7590D3B1DE9E0E600919666 /* StoreKit.framework */ = {isa = PBXFileReference; lastKnownFileType = wrapper.framework; name = StoreKit.framework; path = System/Library/Frameworks/StoreKit.framework; sourceTree = SDKROOT; };
		A7590D3D1DE9E0EF00919666 /* SystemConfiguration.framework */ = {isa = PBXFileReference; lastKnownFileType = wrapper.framework; name = SystemConfiguration.framework; path = System/Library/Frameworks/SystemConfiguration.framework; sourceTree = SDKROOT; };
		A7590D3F1DE9E0FB00919666 /* libz.tbd */ = {isa = PBXFileReference; lastKnownFileType = "sourcecode.text-based-dylib-definition"; name = libz.tbd; path = usr/lib/libz.tbd; sourceTree = SDKROOT; };
		A7590D411DE9E10800919666 /* libsqlite3.tbd */ = {isa = PBXFileReference; lastKnownFileType = "sourcecode.text-based-dylib-definition"; name = libsqlite3.tbd; path = usr/lib/libsqlite3.tbd; sourceTree = SDKROOT; };
		A7590D431DEA38F200919666 /* MenuController.swift */ = {isa = PBXFileReference; fileEncoding = 4; lastKnownFileType = sourcecode.swift; path = MenuController.swift; sourceTree = "<group>"; };
		A7590D471DEC814700919666 /* Main.storyboard */ = {isa = PBXFileReference; fileEncoding = 4; lastKnownFileType = file.storyboard; name = Main.storyboard; path = ../Main.storyboard; sourceTree = "<group>"; };
		A79182E51DF64A8C00FED17A /* FilterController.swift */ = {isa = PBXFileReference; fileEncoding = 4; lastKnownFileType = sourcecode.swift; path = FilterController.swift; sourceTree = "<group>"; };
		A7A34E161DDA7A60005737F6 /* CD_app.app */ = {isa = PBXFileReference; explicitFileType = wrapper.application; includeInIndex = 0; path = CD_app.app; sourceTree = BUILT_PRODUCTS_DIR; };
		A7A34E191DDA7A60005737F6 /* AppDelegate.swift */ = {isa = PBXFileReference; lastKnownFileType = sourcecode.swift; path = AppDelegate.swift; sourceTree = "<group>"; };
		A7A34E1B1DDA7A60005737F6 /* ViewController.swift */ = {isa = PBXFileReference; lastKnownFileType = sourcecode.swift; path = ViewController.swift; sourceTree = "<group>"; };
		A7A34E211DDA7A60005737F6 /* CD_app.xcdatamodel */ = {isa = PBXFileReference; lastKnownFileType = wrapper.xcdatamodel; path = CD_app.xcdatamodel; sourceTree = "<group>"; };
		A7A34E231DDA7A60005737F6 /* Assets.xcassets */ = {isa = PBXFileReference; lastKnownFileType = folder.assetcatalog; path = Assets.xcassets; sourceTree = "<group>"; };
		A7A34E261DDA7A60005737F6 /* Base */ = {isa = PBXFileReference; lastKnownFileType = file.storyboard; name = Base; path = Base.lproj/LaunchScreen.storyboard; sourceTree = "<group>"; };
		A7A34E281DDA7A60005737F6 /* Info.plist */ = {isa = PBXFileReference; lastKnownFileType = text.plist.xml; path = Info.plist; sourceTree = "<group>"; };
		A7A34E2E1DDA7AED005737F6 /* V17494.json */ = {isa = PBXFileReference; fileEncoding = 4; lastKnownFileType = text.json; path = V17494.json; sourceTree = "<group>"; };
		A7A34E301DDA7AFA005737F6 /* V17494M.json */ = {isa = PBXFileReference; fileEncoding = 4; lastKnownFileType = text.json; path = V17494M.json; sourceTree = "<group>"; };
		A7A34E321DDA7B71005737F6 /* DataController.swift */ = {isa = PBXFileReference; fileEncoding = 4; lastKnownFileType = sourcecode.swift; path = DataController.swift; sourceTree = "<group>"; };
		A7A34E341DDA7C0A005737F6 /* JSONParser.swift */ = {isa = PBXFileReference; fileEncoding = 4; lastKnownFileType = sourcecode.swift; path = JSONParser.swift; sourceTree = "<group>"; };
		A7A34E4E1DE24C83005737F6 /* Drawings+CoreDataClass.swift */ = {isa = PBXFileReference; fileEncoding = 4; lastKnownFileType = sourcecode.swift; path = "Drawings+CoreDataClass.swift"; sourceTree = "<group>"; };
		A7A34E4F1DE24C83005737F6 /* Drawings+CoreDataProperties.swift */ = {isa = PBXFileReference; fileEncoding = 4; lastKnownFileType = sourcecode.swift; path = "Drawings+CoreDataProperties.swift"; sourceTree = "<group>"; };
		A7A34E521DE52794005737F6 /* TableViewCell.swift */ = {isa = PBXFileReference; fileEncoding = 4; lastKnownFileType = sourcecode.swift; path = TableViewCell.swift; sourceTree = "<group>"; };
		A7A421981DF8869E0023FDEF /* TagController.swift */ = {isa = PBXFileReference; fileEncoding = 4; lastKnownFileType = sourcecode.swift; path = TagController.swift; sourceTree = "<group>"; };
		A7B4112C1E156AE9002B569A /* DemoFeature.swift */ = {isa = PBXFileReference; fileEncoding = 4; lastKnownFileType = sourcecode.swift; path = DemoFeature.swift; sourceTree = "<group>"; };
		A7CB94731DE5BC82009ECBB7 /* SearchController.swift */ = {isa = PBXFileReference; fileEncoding = 4; lastKnownFileType = sourcecode.swift; path = SearchController.swift; sourceTree = "<group>"; };
/* End PBXFileReference section */

/* Begin PBXFrameworksBuildPhase section */
		A7A34E131DDA7A60005737F6 /* Frameworks */ = {
			isa = PBXFrameworksBuildPhase;
			buildActionMask = 2147483647;
			files = (
				A713939E1E060462003B1270 /* AWSMobileHubHelper.framework in Frameworks */,
				A71393931E060405003B1270 /* AWSCognito.framework in Frameworks */,
				A7590D421DE9E10800919666 /* libsqlite3.tbd in Frameworks */,
				A71393871E0603C4003B1270 /* AWSCore.framework in Frameworks */,
				A7590D401DE9E0FB00919666 /* libz.tbd in Frameworks */,
				A71393901E0603F4003B1270 /* AWSCognitoIdentityProvider.framework in Frameworks */,
				A7590D3E1DE9E0EF00919666 /* SystemConfiguration.framework in Frameworks */,
				A713938A1E0603D4003B1270 /* AWSDynamoDB.framework in Frameworks */,
				A7590D3C1DE9E0E600919666 /* StoreKit.framework in Frameworks */,
				A7590D3A1DE9E0DE00919666 /* Security.framework in Frameworks */,
				A7590D381DE9E0D400919666 /* QuartzCore.framework in Frameworks */,
				A7590D361DE9E0CB00919666 /* MobileCoreServices.framework in Frameworks */,
				A7590D341DE9E0BA00919666 /* CoreLocation.framework in Frameworks */,
				A7590D321DE9E0AF00919666 /* CoreGraphics.framework in Frameworks */,
				A7590D301DE9E0A500919666 /* CFNetwork.framework in Frameworks */,
				A713938D1E0603E5003B1270 /* AWSS3.framework in Frameworks */,
				A7590D2E1DE9E09600919666 /* AudioToolbox.framework in Frameworks */,
				A7590D2B1DE9E02700919666 /* Parse.framework in Frameworks */,
				A7590D2A1DE9E02700919666 /* Bolts.framework in Frameworks */,
			);
			runOnlyForDeploymentPostprocessing = 0;
		};
/* End PBXFrameworksBuildPhase section */

/* Begin PBXGroup section */
		A71393A01E0607BD003B1270 /* SignIn */ = {
			isa = PBXGroup;
			children = (
				A71393A11E0607D0003B1270 /* SignIn.storyboard */,
				A71393A31E0607F2003B1270 /* SignInViewController.swift */,
			);
			name = SignIn;
			sourceTree = "<group>";
		};
		A7590D271DE9DF9300919666 /* Parse */ = {
			isa = PBXGroup;
			children = (
				A7590D281DE9E02700919666 /* Bolts.framework */,
				A7590D291DE9E02700919666 /* Parse.framework */,
			);
			name = Parse;
			path = CD_app;
			sourceTree = "<group>";
		};
		A7590D2C1DE9E09500919666 /* Frameworks */ = {
			isa = PBXGroup;
			children = (
				A7590D411DE9E10800919666 /* libsqlite3.tbd */,
				A7590D3F1DE9E0FB00919666 /* libz.tbd */,
				A7590D271DE9DF9300919666 /* Parse */,
				A7590D3D1DE9E0EF00919666 /* SystemConfiguration.framework */,
				A7590D3B1DE9E0E600919666 /* StoreKit.framework */,
				A7590D391DE9E0DE00919666 /* Security.framework */,
				A7590D371DE9E0D400919666 /* QuartzCore.framework */,
				A7590D351DE9E0CB00919666 /* MobileCoreServices.framework */,
				A7590D331DE9E0BA00919666 /* CoreLocation.framework */,
				A7590D311DE9E0AF00919666 /* CoreGraphics.framework */,
				A7590D2F1DE9E0A500919666 /* CFNetwork.framework */,
				A7590D2D1DE9E09600919666 /* AudioToolbox.framework */,
			);
			name = Frameworks;
			sourceTree = "<group>";
		};
		A7A34E0D1DDA7A60005737F6 = {
			isa = PBXGroup;
			children = (
				A71393A01E0607BD003B1270 /* SignIn */,
				A71393921E060405003B1270 /* AWSCognito.framework */,
				A713938F1E0603F4003B1270 /* AWSCognitoIdentityProvider.framework */,
				A713938C1E0603E5003B1270 /* AWSS3.framework */,
				A71393891E0603D4003B1270 /* AWSDynamoDB.framework */,
				A71393861E0603C4003B1270 /* AWSCore.framework */,
				A7A34E181DDA7A60005737F6 /* CD_app */,
				A7A34E171DDA7A60005737F6 /* Products */,
				A7590D2C1DE9E09500919666 /* Frameworks */,
			);
			sourceTree = "<group>";
		};
		A7A34E171DDA7A60005737F6 /* Products */ = {
			isa = PBXGroup;
			children = (
				A7A34E161DDA7A60005737F6 /* CD_app.app */,
			);
			name = Products;
			sourceTree = "<group>";
		};
		A7A34E181DDA7A60005737F6 /* CD_app */ = {
			isa = PBXGroup;
			children = (
				A7A34E191DDA7A60005737F6 /* AppDelegate.swift */,
				A71B479E1DF12FC200F0B0A8 /* BookmarkController.swift */,
				A7590D471DEC814700919666 /* Main.storyboard */,
				A79182E51DF64A8C00FED17A /* FilterController.swift */,
				A7590D431DEA38F200919666 /* MenuController.swift */,
				A7A421981DF8869E0023FDEF /* TagController.swift */,
				A713939B1E06044E003B1270 /* Models */,
				A71393971E060442003B1270 /* AWSConfiguration.swift */,
				A71393981E060442003B1270 /* AWSMobileClient.swift */,
				A7A34E1B1DDA7A60005737F6 /* ViewController.swift */,
				A7B4112C1E156AE9002B569A /* DemoFeature.swift */,
				A71B47A01DF13DF000F0B0A8 /* CommentController.swift */,
				A71B47A21DF13E3A00F0B0A8 /* CommentDataController.swift */,
				A71B479C1DEFA31800F0B0A8 /* PreviewController.swift */,
				A7A34E521DE52794005737F6 /* TableViewCell.swift */,
				A7CB94731DE5BC82009ECBB7 /* SearchController.swift */,
				A71B479A1DEF95EC00F0B0A8 /* FetchedResultsController.swift */,
				A7A34E2E1DDA7AED005737F6 /* V17494.json */,
				A7A34E301DDA7AFA005737F6 /* V17494M.json */,
				A7A34E341DDA7C0A005737F6 /* JSONParser.swift */,
				A71393A51E12D7B7003B1270 /* ContentDelivery.storyboard */,
				A71393A61E12D7B7003B1270 /* ContentDeliveryViewController.swift */,
				A713939D1E060462003B1270 /* AWSMobileHubHelper.framework */,
				A7A34E321DDA7B71005737F6 /* DataController.swift */,
				A7A34E4E1DE24C83005737F6 /* Drawings+CoreDataClass.swift */,
				A7A34E4F1DE24C83005737F6 /* Drawings+CoreDataProperties.swift */,
				A71B47AC1DF1421600F0B0A8 /* Comments+CoreDataClass.swift */,
				A71B47AD1DF1421600F0B0A8 /* Comments+CoreDataProperties.swift */,
				A7A34E251DDA7A60005737F6 /* LaunchScreen.storyboard */,
				A71393951E060436003B1270 /* AmazonAws */,
				A71393841E060373003B1270 /* Sdk */,
				A7A34E231DDA7A60005737F6 /* Assets.xcassets */,
				A7A34E281DDA7A60005737F6 /* Info.plist */,
				A7A34E201DDA7A60005737F6 /* CD_app.xcdatamodeld */,
			);
			path = CD_app;
			sourceTree = "<group>";
		};
/* End PBXGroup section */

/* Begin PBXNativeTarget section */
		A7A34E151DDA7A60005737F6 /* CD_app */ = {
			isa = PBXNativeTarget;
			buildConfigurationList = A7A34E2B1DDA7A60005737F6 /* Build configuration list for PBXNativeTarget "CD_app" */;
			buildPhases = (
				A7A34E121DDA7A60005737F6 /* Sources */,
				A7A34E131DDA7A60005737F6 /* Frameworks */,
				A7A34E141DDA7A60005737F6 /* Resources */,
				A75C19481E05E95F00C05736 /* Embed Frameworks */,
			);
			buildRules = (
			);
			dependencies = (
			);
			name = CD_app;
			productName = CD_app;
			productReference = A7A34E161DDA7A60005737F6 /* CD_app.app */;
			productType = "com.apple.product-type.application";
		};
/* End PBXNativeTarget section */

/* Begin PBXProject section */
		A7A34E0E1DDA7A60005737F6 /* Project object */ = {
			isa = PBXProject;
			attributes = {
				LastSwiftUpdateCheck = 0810;
				LastUpgradeCheck = 0820;
				ORGANIZATIONNAME = "Sean Zhang";
				TargetAttributes = {
					A7A34E151DDA7A60005737F6 = {
						CreatedOnToolsVersion = 8.1;
						DevelopmentTeam = U8ERE3KNHT;
						ProvisioningStyle = Automatic;
					};
				};
			};
			buildConfigurationList = A7A34E111DDA7A60005737F6 /* Build configuration list for PBXProject "CD_app" */;
			compatibilityVersion = "Xcode 3.2";
			developmentRegion = English;
			hasScannedForEncodings = 0;
			knownRegions = (
				en,
				Base,
			);
			mainGroup = A7A34E0D1DDA7A60005737F6;
			productRefGroup = A7A34E171DDA7A60005737F6 /* Products */;
			projectDirPath = "";
			projectRoot = "";
			targets = (
				A7A34E151DDA7A60005737F6 /* CD_app */,
			);
		};
/* End PBXProject section */

/* Begin PBXResourcesBuildPhase section */
		A7A34E141DDA7A60005737F6 /* Resources */ = {
			isa = PBXResourcesBuildPhase;
			buildActionMask = 2147483647;
			files = (
				A7A34E271DDA7A60005737F6 /* LaunchScreen.storyboard in Resources */,
				A71393851E060373003B1270 /* Sdk in Resources */,
				A7A34E241DDA7A60005737F6 /* Assets.xcassets in Resources */,
				A7590D481DEC814700919666 /* Main.storyboard in Resources */,
				A71393A71E12D7B7003B1270 /* ContentDelivery.storyboard in Resources */,
				A7A34E2F1DDA7AED005737F6 /* V17494.json in Resources */,
				A713939C1E06044E003B1270 /* Models in Resources */,
				A7A34E311DDA7AFA005737F6 /* V17494M.json in Resources */,
				A71393961E060436003B1270 /* AmazonAws in Resources */,
				A71393A21E0607D0003B1270 /* SignIn.storyboard in Resources */,
			);
			runOnlyForDeploymentPostprocessing = 0;
		};
/* End PBXResourcesBuildPhase section */

/* Begin PBXSourcesBuildPhase section */
		A7A34E121DDA7A60005737F6 /* Sources */ = {
			isa = PBXSourcesBuildPhase;
			buildActionMask = 2147483647;
			files = (
				A71393A41E0607F2003B1270 /* SignInViewController.swift in Sources */,
				A71B479D1DEFA31900F0B0A8 /* PreviewController.swift in Sources */,
				A71B47AE1DF1421600F0B0A8 /* Comments+CoreDataClass.swift in Sources */,
				A713939A1E060442003B1270 /* AWSMobileClient.swift in Sources */,
				A7590D441DEA38F200919666 /* MenuController.swift in Sources */,
				A7A34E501DE24C83005737F6 /* Drawings+CoreDataClass.swift in Sources */,
				A71B479F1DF12FC200F0B0A8 /* BookmarkController.swift in Sources */,
				A7A34E531DE52795005737F6 /* TableViewCell.swift in Sources */,
				A7A34E1C1DDA7A60005737F6 /* ViewController.swift in Sources */,
				A71B47A31DF13E3A00F0B0A8 /* CommentDataController.swift in Sources */,
				A7A34E351DDA7C0A005737F6 /* JSONParser.swift in Sources */,
				A7A421991DF8869E0023FDEF /* TagController.swift in Sources */,
				A71B47A11DF13DF000F0B0A8 /* CommentController.swift in Sources */,
				A7B4112D1E156AE9002B569A /* DemoFeature.swift in Sources */,
				A71B479B1DEF95EC00F0B0A8 /* FetchedResultsController.swift in Sources */,
				A71393991E060442003B1270 /* AWSConfiguration.swift in Sources */,
				A7A34E331DDA7B71005737F6 /* DataController.swift in Sources */,
				A7A34E221DDA7A60005737F6 /* CD_app.xcdatamodeld in Sources */,
				A7A34E1A1DDA7A60005737F6 /* AppDelegate.swift in Sources */,
				A71B47AF1DF1421600F0B0A8 /* Comments+CoreDataProperties.swift in Sources */,
				A71393A81E12D7B7003B1270 /* ContentDeliveryViewController.swift in Sources */,
				A79182E61DF64A8C00FED17A /* FilterController.swift in Sources */,
				A7CB94741DE5BC82009ECBB7 /* SearchController.swift in Sources */,
				A7A34E511DE24C83005737F6 /* Drawings+CoreDataProperties.swift in Sources */,
			);
			runOnlyForDeploymentPostprocessing = 0;
		};
/* End PBXSourcesBuildPhase section */

/* Begin PBXVariantGroup section */
		A7A34E251DDA7A60005737F6 /* LaunchScreen.storyboard */ = {
			isa = PBXVariantGroup;
			children = (
				A7A34E261DDA7A60005737F6 /* Base */,
			);
			name = LaunchScreen.storyboard;
			sourceTree = "<group>";
		};
/* End PBXVariantGroup section */

/* Begin XCBuildConfiguration section */
		A7A34E291DDA7A60005737F6 /* Debug */ = {
			isa = XCBuildConfiguration;
			buildSettings = {
				ALWAYS_SEARCH_USER_PATHS = NO;
				CLANG_ANALYZER_NONNULL = YES;
				CLANG_CXX_LANGUAGE_STANDARD = "gnu++0x";
				CLANG_CXX_LIBRARY = "libc++";
				CLANG_ENABLE_MODULES = YES;
				CLANG_ENABLE_OBJC_ARC = YES;
				CLANG_WARN_BOOL_CONVERSION = YES;
				CLANG_WARN_CONSTANT_CONVERSION = YES;
				CLANG_WARN_DIRECT_OBJC_ISA_USAGE = YES_ERROR;
				CLANG_WARN_DOCUMENTATION_COMMENTS = YES;
				CLANG_WARN_EMPTY_BODY = YES;
				CLANG_WARN_ENUM_CONVERSION = YES;
				CLANG_WARN_INFINITE_RECURSION = YES;
				CLANG_WARN_INT_CONVERSION = YES;
				CLANG_WARN_OBJC_ROOT_CLASS = YES_ERROR;
				CLANG_WARN_SUSPICIOUS_MOVE = YES;
				CLANG_WARN_SUSPICIOUS_MOVES = YES;
				CLANG_WARN_UNREACHABLE_CODE = YES;
				CLANG_WARN__DUPLICATE_METHOD_MATCH = YES;
				CODE_SIGN_IDENTITY = "iPhone Developer: lhzhxy_87@hotmail.com (E5736Y9A7E)";
				"CODE_SIGN_IDENTITY[sdk=iphoneos*]" = "iPhone Developer";
				COPY_PHASE_STRIP = NO;
				DEBUG_INFORMATION_FORMAT = dwarf;
				ENABLE_STRICT_OBJC_MSGSEND = YES;
				ENABLE_TESTABILITY = YES;
				GCC_C_LANGUAGE_STANDARD = gnu99;
				GCC_DYNAMIC_NO_PIC = NO;
				GCC_NO_COMMON_BLOCKS = YES;
				GCC_OPTIMIZATION_LEVEL = 0;
				GCC_PREPROCESSOR_DEFINITIONS = (
					"DEBUG=1",
					"$(inherited)",
				);
				GCC_WARN_64_TO_32_BIT_CONVERSION = YES;
				GCC_WARN_ABOUT_RETURN_TYPE = YES_ERROR;
				GCC_WARN_UNDECLARED_SELECTOR = YES;
				GCC_WARN_UNINITIALIZED_AUTOS = YES_AGGRESSIVE;
				GCC_WARN_UNUSED_FUNCTION = YES;
				GCC_WARN_UNUSED_VARIABLE = YES;
				IPHONEOS_DEPLOYMENT_TARGET = 10.1;
				MTL_ENABLE_DEBUG_INFO = YES;
				ONLY_ACTIVE_ARCH = YES;
				SDKROOT = iphoneos;
				SWIFT_ACTIVE_COMPILATION_CONDITIONS = DEBUG;
				SWIFT_OPTIMIZATION_LEVEL = "-Onone";
			};
			name = Debug;
		};
		A7A34E2A1DDA7A60005737F6 /* Release */ = {
			isa = XCBuildConfiguration;
			buildSettings = {
				ALWAYS_SEARCH_USER_PATHS = NO;
				CLANG_ANALYZER_NONNULL = YES;
				CLANG_CXX_LANGUAGE_STANDARD = "gnu++0x";
				CLANG_CXX_LIBRARY = "libc++";
				CLANG_ENABLE_MODULES = YES;
				CLANG_ENABLE_OBJC_ARC = YES;
				CLANG_WARN_BOOL_CONVERSION = YES;
				CLANG_WARN_CONSTANT_CONVERSION = YES;
				CLANG_WARN_DIRECT_OBJC_ISA_USAGE = YES_ERROR;
				CLANG_WARN_DOCUMENTATION_COMMENTS = YES;
				CLANG_WARN_EMPTY_BODY = YES;
				CLANG_WARN_ENUM_CONVERSION = YES;
				CLANG_WARN_INFINITE_RECURSION = YES;
				CLANG_WARN_INT_CONVERSION = YES;
				CLANG_WARN_OBJC_ROOT_CLASS = YES_ERROR;
				CLANG_WARN_SUSPICIOUS_MOVE = YES;
				CLANG_WARN_SUSPICIOUS_MOVES = YES;
				CLANG_WARN_UNREACHABLE_CODE = YES;
				CLANG_WARN__DUPLICATE_METHOD_MATCH = YES;
				CODE_SIGN_IDENTITY = "iPhone Developer: Xinyu Zhang (LD7YWEN5G5)";
				"CODE_SIGN_IDENTITY[sdk=iphoneos*]" = "iPhone Developer";
				COPY_PHASE_STRIP = NO;
				DEBUG_INFORMATION_FORMAT = "dwarf-with-dsym";
				ENABLE_NS_ASSERTIONS = NO;
				ENABLE_STRICT_OBJC_MSGSEND = YES;
				GCC_C_LANGUAGE_STANDARD = gnu99;
				GCC_NO_COMMON_BLOCKS = YES;
				GCC_WARN_64_TO_32_BIT_CONVERSION = YES;
				GCC_WARN_ABOUT_RETURN_TYPE = YES_ERROR;
				GCC_WARN_UNDECLARED_SELECTOR = YES;
				GCC_WARN_UNINITIALIZED_AUTOS = YES_AGGRESSIVE;
				GCC_WARN_UNUSED_FUNCTION = YES;
				GCC_WARN_UNUSED_VARIABLE = YES;
				IPHONEOS_DEPLOYMENT_TARGET = 10.1;
				MTL_ENABLE_DEBUG_INFO = NO;
				SDKROOT = iphoneos;
				SWIFT_OPTIMIZATION_LEVEL = "-Owholemodule";
				VALIDATE_PRODUCT = YES;
			};
			name = Release;
		};
		A7A34E2C1DDA7A60005737F6 /* Debug */ = {
			isa = XCBuildConfiguration;
			buildSettings = {
				ASSETCATALOG_COMPILER_APPICON_NAME = AppIcon;
				DEVELOPMENT_TEAM = U8ERE3KNHT;
				FRAMEWORK_SEARCH_PATHS = (
					"$(inherited)",
					"$(PROJECT_DIR)/CD_app",
					"$(PROJECT_DIR)/CD_app/Sdk/Aws",
					"$(PROJECT_DIR)/CD_app/Sdk/Aws/extras",
					"$(PROJECT_DIR)/CD_app/AmazonAws",
				);
				INFOPLIST_FILE = CD_app/Info.plist;
				IPHONEOS_DEPLOYMENT_TARGET = 10.0;
				LD_RUNPATH_SEARCH_PATHS = "$(inherited) @executable_path/Frameworks";
				PRODUCT_BUNDLE_IDENTIFIER = "sz7218.CD-app";
				PRODUCT_NAME = "$(TARGET_NAME)";
				SWIFT_VERSION = 3.0;
				TARGETED_DEVICE_FAMILY = "1,2";
			};
			name = Debug;
		};
		A7A34E2D1DDA7A60005737F6 /* Release */ = {
			isa = XCBuildConfiguration;
			buildSettings = {
				ASSETCATALOG_COMPILER_APPICON_NAME = AppIcon;
				DEVELOPMENT_TEAM = U8ERE3KNHT;
				FRAMEWORK_SEARCH_PATHS = (
					"$(inherited)",
					"$(PROJECT_DIR)/CD_app",
					"$(PROJECT_DIR)/CD_app/Sdk/Aws",
					"$(PROJECT_DIR)/CD_app/Sdk/Aws/extras",
					"$(PROJECT_DIR)/CD_app/AmazonAws",
				);
				INFOPLIST_FILE = CD_app/Info.plist;
				IPHONEOS_DEPLOYMENT_TARGET = 10.0;
				LD_RUNPATH_SEARCH_PATHS = "$(inherited) @executable_path/Frameworks";
				PRODUCT_BUNDLE_IDENTIFIER = "sz7218.CD-app";
				PRODUCT_NAME = "$(TARGET_NAME)";
				SWIFT_VERSION = 3.0;
				TARGETED_DEVICE_FAMILY = "1,2";
			};
			name = Release;
		};
/* End XCBuildConfiguration section */

/* Begin XCConfigurationList section */
		A7A34E111DDA7A60005737F6 /* Build configuration list for PBXProject "CD_app" */ = {
			isa = XCConfigurationList;
			buildConfigurations = (
				A7A34E291DDA7A60005737F6 /* Debug */,
				A7A34E2A1DDA7A60005737F6 /* Release */,
			);
			defaultConfigurationIsVisible = 0;
			defaultConfigurationName = Release;
		};
		A7A34E2B1DDA7A60005737F6 /* Build configuration list for PBXNativeTarget "CD_app" */ = {
			isa = XCConfigurationList;
			buildConfigurations = (
				A7A34E2C1DDA7A60005737F6 /* Debug */,
				A7A34E2D1DDA7A60005737F6 /* Release */,
			);
			defaultConfigurationIsVisible = 0;
			defaultConfigurationName = Release;
		};
/* End XCConfigurationList section */

/* Begin XCVersionGroup section */
		A7A34E201DDA7A60005737F6 /* CD_app.xcdatamodeld */ = {
			isa = XCVersionGroup;
			children = (
				A7A34E211DDA7A60005737F6 /* CD_app.xcdatamodel */,
			);
			currentVersion = A7A34E211DDA7A60005737F6 /* CD_app.xcdatamodel */;
			path = CD_app.xcdatamodeld;
			sourceTree = "<group>";
			versionGroupType = wrapper.xcdatamodel;
		};
/* End XCVersionGroup section */
	};
	rootObject = A7A34E0E1DDA7A60005737F6 /* Project object */;
}
